
Microsoft Visual Studio Solution File, Format Version 12.00
# Visual Studio Version 17
VisualStudioVersion = 17.5.002.0
MinimumVisualStudioVersion = 10.0.40219.1
Project("{9A19103F-16F7-4668-BE54-9A1E7A4F7556}") = "tests", "tests.csproj", "{148C59E7-BEEC-4315-8559-A7A49B17C2FE}"
EndProject
Global
	GlobalSection(SolutionConfigurationPlatforms) = preSolution
		Debug|Any CPU = Debug|Any CPU
		Release|Any CPU = Release|Any CPU
	EndGlobalSection
	GlobalSection(ProjectConfigurationPlatforms) = postSolution
		{148C59E7-BEEC-4315-8559-A7A49B17C2FE}.Debug|Any CPU.ActiveCfg = Debug|Any CPU
		{148C59E7-BEEC-4315-8559-A7A49B17C2FE}.Debug|Any CPU.Build.0 = Debug|Any CPU
		{148C59E7-BEEC-4315-8559-A7A49B17C2FE}.Release|Any CPU.ActiveCfg = Release|Any CPU
		{148C59E7-BEEC-4315-8559-A7A49B17C2FE}.Release|Any CPU.Build.0 = Release|Any CPU
	EndGlobalSection
	GlobalSection(SolutionProperties) = preSolution
		HideSolutionNode = FALSE
	EndGlobalSection
	GlobalSection(ExtensibilityGlobals) = postSolution
		SolutionGuid = {0D6CF483-B464-4F43-8E28-A3D76F354073}
	EndGlobalSection
EndGlobal
